// !$*UTF8*$!
{
	archiveVersion = 1;
	classes = {
	};
	objectVersion = 46;
	objects = {

/* Begin PBXBuildFile section */
		5B3A1D151E5B84A3002BA108 /* GameCellViewModel.swift in Sources */ = {isa = PBXBuildFile; fileRef = 5B3A1D141E5B84A3002BA108 /* GameCellViewModel.swift */; };
		5B3A1D171E5B87A3002BA108 /* GameCell.xib in Resources */ = {isa = PBXBuildFile; fileRef = 5B3A1D161E5B87A3002BA108 /* GameCell.xib */; };
		5B3A1D191E5B99F4002BA108 /* logo.jpg in Resources */ = {isa = PBXBuildFile; fileRef = 5B3A1D181E5B99F4002BA108 /* logo.jpg */; };
		5B7B3E4D1E5A1A0B00FD43D4 /* NetworkProtocol.swift in Sources */ = {isa = PBXBuildFile; fileRef = 5B7B3E4C1E5A1A0B00FD43D4 /* NetworkProtocol.swift */; };
		5B7B3E4F1E5A1D9300FD43D4 /* MockNetworkController.swift in Sources */ = {isa = PBXBuildFile; fileRef = 5B7B3E4E1E5A1D9300FD43D4 /* MockNetworkController.swift */; };
		5B7B3E511E5A207200FD43D4 /* mockresponse.json in Resources */ = {isa = PBXBuildFile; fileRef = 5B7B3E501E5A207200FD43D4 /* mockresponse.json */; };
		5BBB142B1E16087500ABB49D /* AppDelegate.swift in Sources */ = {isa = PBXBuildFile; fileRef = 5BBB142A1E16087500ABB49D /* AppDelegate.swift */; };
		5BBB142D1E16087500ABB49D /* GameTableViewController.swift in Sources */ = {isa = PBXBuildFile; fileRef = 5BBB142C1E16087500ABB49D /* GameTableViewController.swift */; };
		5BBB14301E16087500ABB49D /* Main.storyboard in Resources */ = {isa = PBXBuildFile; fileRef = 5BBB142E1E16087500ABB49D /* Main.storyboard */; };
		5BBB14321E16087500ABB49D /* Assets.xcassets in Resources */ = {isa = PBXBuildFile; fileRef = 5BBB14311E16087500ABB49D /* Assets.xcassets */; };
		5BBB14351E16087500ABB49D /* LaunchScreen.storyboard in Resources */ = {isa = PBXBuildFile; fileRef = 5BBB14331E16087500ABB49D /* LaunchScreen.storyboard */; };
		5BBB14401E16087500ABB49D /* WhoDatTests.swift in Sources */ = {isa = PBXBuildFile; fileRef = 5BBB143F1E16087500ABB49D /* WhoDatTests.swift */; };
		5BBB144B1E160F7F00ABB49D /* Cartfile in Resources */ = {isa = PBXBuildFile; fileRef = 5BBB144A1E160F7F00ABB49D /* Cartfile */; };
		5BBB144E1E16103A00ABB49D /* SwiftyJSON.framework in Frameworks */ = {isa = PBXBuildFile; fileRef = 5BBB144D1E16103A00ABB49D /* SwiftyJSON.framework */; };
		5BBB14511E16137700ABB49D /* SwiftyJSON.framework in CopyFiles */ = {isa = PBXBuildFile; fileRef = 5BBB144D1E16103A00ABB49D /* SwiftyJSON.framework */; settings = {ATTRIBUTES = (CodeSignOnCopy, RemoveHeadersOnCopy, ); }; };
		5BBB14531E1614A300ABB49D /* Alamofire.framework in Frameworks */ = {isa = PBXBuildFile; fileRef = 5BBB14521E1614A300ABB49D /* Alamofire.framework */; };
		5BBB14541E1614AD00ABB49D /* Alamofire.framework in CopyFiles */ = {isa = PBXBuildFile; fileRef = 5BBB14521E1614A300ABB49D /* Alamofire.framework */; settings = {ATTRIBUTES = (CodeSignOnCopy, RemoveHeadersOnCopy, ); }; };
		5BBB14561E16224100ABB49D /* Game.swift in Sources */ = {isa = PBXBuildFile; fileRef = 5BBB14551E16224100ABB49D /* Game.swift */; };
		5BBB14581E16225A00ABB49D /* Team.swift in Sources */ = {isa = PBXBuildFile; fileRef = 5BBB14571E16225A00ABB49D /* Team.swift */; };
		5BBB145A1E16226500ABB49D /* Player.swift in Sources */ = {isa = PBXBuildFile; fileRef = 5BBB14591E16226500ABB49D /* Player.swift */; };
		5BBB145C1E163A3F00ABB49D /* NetworkController.swift in Sources */ = {isa = PBXBuildFile; fileRef = 5BBB145B1E163A3F00ABB49D /* NetworkController.swift */; };
		5BBB145E1E163AA700ABB49D /* secrets in Resources */ = {isa = PBXBuildFile; fileRef = 5BBB145D1E163AA700ABB49D /* secrets */; };
		5BF36FC31E2B5D7500F41FAB /* GameCell.swift in Sources */ = {isa = PBXBuildFile; fileRef = 5BF36FC21E2B5D7500F41FAB /* GameCell.swift */; };
/* End PBXBuildFile section */

/* Begin PBXContainerItemProxy section */
		5BBB143C1E16087500ABB49D /* PBXContainerItemProxy */ = {
			isa = PBXContainerItemProxy;
			containerPortal = 5BBB141F1E16087500ABB49D /* Project object */;
			proxyType = 1;
			remoteGlobalIDString = 5BBB14261E16087500ABB49D;
			remoteInfo = WhoDat;
		};
/* End PBXContainerItemProxy section */

/* Begin PBXCopyFilesBuildPhase section */
		5BBB14501E16136600ABB49D /* CopyFiles */ = {
			isa = PBXCopyFilesBuildPhase;
			buildActionMask = 2147483647;
			dstPath = "";
			dstSubfolderSpec = 10;
			files = (
				5BBB14541E1614AD00ABB49D /* Alamofire.framework in CopyFiles */,
				5BBB14511E16137700ABB49D /* SwiftyJSON.framework in CopyFiles */,
			);
			runOnlyForDeploymentPostprocessing = 0;
		};
/* End PBXCopyFilesBuildPhase section */

/* Begin PBXFileReference section */
		5B3A1D141E5B84A3002BA108 /* GameCellViewModel.swift */ = {isa = PBXFileReference; fileEncoding = 4; lastKnownFileType = sourcecode.swift; path = GameCellViewModel.swift; sourceTree = "<group>"; };
		5B3A1D161E5B87A3002BA108 /* GameCell.xib */ = {isa = PBXFileReference; fileEncoding = 4; lastKnownFileType = file.xib; path = GameCell.xib; sourceTree = "<group>"; };
		5B3A1D181E5B99F4002BA108 /* logo.jpg */ = {isa = PBXFileReference; lastKnownFileType = image.jpeg; path = logo.jpg; sourceTree = "<group>"; };
		5B7B3E4C1E5A1A0B00FD43D4 /* NetworkProtocol.swift */ = {isa = PBXFileReference; fileEncoding = 4; lastKnownFileType = sourcecode.swift; path = NetworkProtocol.swift; sourceTree = "<group>"; };
		5B7B3E4E1E5A1D9300FD43D4 /* MockNetworkController.swift */ = {isa = PBXFileReference; fileEncoding = 4; lastKnownFileType = sourcecode.swift; path = MockNetworkController.swift; sourceTree = "<group>"; };
		5B7B3E501E5A207200FD43D4 /* mockresponse.json */ = {isa = PBXFileReference; lastKnownFileType = text.json; path = mockresponse.json; sourceTree = "<group>"; };
		5BBB14271E16087500ABB49D /* WhoDat.app */ = {isa = PBXFileReference; explicitFileType = wrapper.application; includeInIndex = 0; path = WhoDat.app; sourceTree = BUILT_PRODUCTS_DIR; };
		5BBB142A1E16087500ABB49D /* AppDelegate.swift */ = {isa = PBXFileReference; lastKnownFileType = sourcecode.swift; path = AppDelegate.swift; sourceTree = "<group>"; };
		5BBB142C1E16087500ABB49D /* GameTableViewController.swift */ = {isa = PBXFileReference; lastKnownFileType = sourcecode.swift; path = GameTableViewController.swift; sourceTree = "<group>"; };
		5BBB142F1E16087500ABB49D /* Base */ = {isa = PBXFileReference; lastKnownFileType = file.storyboard; name = Base; path = Base.lproj/Main.storyboard; sourceTree = "<group>"; };
		5BBB14311E16087500ABB49D /* Assets.xcassets */ = {isa = PBXFileReference; lastKnownFileType = folder.assetcatalog; path = Assets.xcassets; sourceTree = "<group>"; };
		5BBB14341E16087500ABB49D /* Base */ = {isa = PBXFileReference; lastKnownFileType = file.storyboard; name = Base; path = Base.lproj/LaunchScreen.storyboard; sourceTree = "<group>"; };
		5BBB14361E16087500ABB49D /* Info.plist */ = {isa = PBXFileReference; lastKnownFileType = text.plist.xml; path = Info.plist; sourceTree = "<group>"; };
		5BBB143B1E16087500ABB49D /* WhoDatTests.xctest */ = {isa = PBXFileReference; explicitFileType = wrapper.cfbundle; includeInIndex = 0; path = WhoDatTests.xctest; sourceTree = BUILT_PRODUCTS_DIR; };
		5BBB143F1E16087500ABB49D /* WhoDatTests.swift */ = {isa = PBXFileReference; lastKnownFileType = sourcecode.swift; path = WhoDatTests.swift; sourceTree = "<group>"; };
		5BBB14411E16087500ABB49D /* Info.plist */ = {isa = PBXFileReference; lastKnownFileType = text.plist.xml; path = Info.plist; sourceTree = "<group>"; };
		5BBB144A1E160F7F00ABB49D /* Cartfile */ = {isa = PBXFileReference; fileEncoding = 4; lastKnownFileType = text; path = Cartfile; sourceTree = "<group>"; };
		5BBB144D1E16103A00ABB49D /* SwiftyJSON.framework */ = {isa = PBXFileReference; lastKnownFileType = wrapper.framework; name = SwiftyJSON.framework; path = Carthage/Build/iOS/SwiftyJSON.framework; sourceTree = "<group>"; };
		5BBB14521E1614A300ABB49D /* Alamofire.framework */ = {isa = PBXFileReference; lastKnownFileType = wrapper.framework; name = Alamofire.framework; path = Carthage/Build/iOS/Alamofire.framework; sourceTree = "<group>"; };
		5BBB14551E16224100ABB49D /* Game.swift */ = {isa = PBXFileReference; fileEncoding = 4; lastKnownFileType = sourcecode.swift; name = Game.swift; path = Models/Game.swift; sourceTree = "<group>"; };
		5BBB14571E16225A00ABB49D /* Team.swift */ = {isa = PBXFileReference; fileEncoding = 4; lastKnownFileType = sourcecode.swift; name = Team.swift; path = Models/Team.swift; sourceTree = "<group>"; };
		5BBB14591E16226500ABB49D /* Player.swift */ = {isa = PBXFileReference; fileEncoding = 4; lastKnownFileType = sourcecode.swift; name = Player.swift; path = Models/Player.swift; sourceTree = "<group>"; };
		5BBB145B1E163A3F00ABB49D /* NetworkController.swift */ = {isa = PBXFileReference; fileEncoding = 4; lastKnownFileType = sourcecode.swift; path = NetworkController.swift; sourceTree = "<group>"; };
		5BBB145D1E163AA700ABB49D /* secrets */ = {isa = PBXFileReference; fileEncoding = 4; lastKnownFileType = text; path = secrets; sourceTree = "<group>"; };
		5BF36FC21E2B5D7500F41FAB /* GameCell.swift */ = {isa = PBXFileReference; fileEncoding = 4; lastKnownFileType = sourcecode.swift; path = GameCell.swift; sourceTree = "<group>"; };
/* End PBXFileReference section */

/* Begin PBXFrameworksBuildPhase section */
		5BBB14241E16087500ABB49D /* Frameworks */ = {
			isa = PBXFrameworksBuildPhase;
			buildActionMask = 2147483647;
			files = (
				5BBB14531E1614A300ABB49D /* Alamofire.framework in Frameworks */,
				5BBB144E1E16103A00ABB49D /* SwiftyJSON.framework in Frameworks */,
			);
			runOnlyForDeploymentPostprocessing = 0;
		};
		5BBB14381E16087500ABB49D /* Frameworks */ = {
			isa = PBXFrameworksBuildPhase;
			buildActionMask = 2147483647;
			files = (
			);
			runOnlyForDeploymentPostprocessing = 0;
		};
/* End PBXFrameworksBuildPhase section */

/* Begin PBXGroup section */
		5BBB141E1E16087500ABB49D = {
			isa = PBXGroup;
			children = (
				5B3A1D181E5B99F4002BA108 /* logo.jpg */,
				5B7B3E501E5A207200FD43D4 /* mockresponse.json */,
				5BBB144A1E160F7F00ABB49D /* Cartfile */,
				5BBB14291E16087500ABB49D /* WhoDat */,
				5BBB143E1E16087500ABB49D /* WhoDatTests */,
				5BBB14281E16087500ABB49D /* Products */,
				5BBB144C1E16103A00ABB49D /* Frameworks */,
			);
			sourceTree = "<group>";
		};
		5BBB14281E16087500ABB49D /* Products */ = {
			isa = PBXGroup;
			children = (
				5BBB14271E16087500ABB49D /* WhoDat.app */,
				5BBB143B1E16087500ABB49D /* WhoDatTests.xctest */,
			);
			name = Products;
			sourceTree = "<group>";
		};
		5BBB14291E16087500ABB49D /* WhoDat */ = {
			isa = PBXGroup;
			children = (
				5BBB142A1E16087500ABB49D /* AppDelegate.swift */,
				5BBB142C1E16087500ABB49D /* GameTableViewController.swift */,
				5BBB14551E16224100ABB49D /* Game.swift */,
				5BBB14571E16225A00ABB49D /* Team.swift */,
				5BBB14591E16226500ABB49D /* Player.swift */,
				5BBB145B1E163A3F00ABB49D /* NetworkController.swift */,
				5B7B3E4E1E5A1D9300FD43D4 /* MockNetworkController.swift */,
				5B7B3E4C1E5A1A0B00FD43D4 /* NetworkProtocol.swift */,
				5BBB142E1E16087500ABB49D /* Main.storyboard */,
				5B3A1D161E5B87A3002BA108 /* GameCell.xib */,
				5BF36FC21E2B5D7500F41FAB /* GameCell.swift */,
				5B3A1D141E5B84A3002BA108 /* GameCellViewModel.swift */,
				5BBB14311E16087500ABB49D /* Assets.xcassets */,
				5BBB14331E16087500ABB49D /* LaunchScreen.storyboard */,
				5BBB14361E16087500ABB49D /* Info.plist */,
				5BBB145F1E163AB500ABB49D /* Resources */,
			);
			path = WhoDat;
			sourceTree = "<group>";
		};
		5BBB143E1E16087500ABB49D /* WhoDatTests */ = {
			isa = PBXGroup;
			children = (
				5BBB143F1E16087500ABB49D /* WhoDatTests.swift */,
				5BBB14411E16087500ABB49D /* Info.plist */,
			);
			path = WhoDatTests;
			sourceTree = "<group>";
		};
		5BBB144C1E16103A00ABB49D /* Frameworks */ = {
			isa = PBXGroup;
			children = (
				5BBB14521E1614A300ABB49D /* Alamofire.framework */,
				5BBB144D1E16103A00ABB49D /* SwiftyJSON.framework */,
			);
			name = Frameworks;
			sourceTree = "<group>";
		};
		5BBB145F1E163AB500ABB49D /* Resources */ = {
			isa = PBXGroup;
			children = (
				5BBB145D1E163AA700ABB49D /* secrets */,
			);
			name = Resources;
			path = ..;
			sourceTree = "<group>";
		};
/* End PBXGroup section */

/* Begin PBXNativeTarget section */
		5BBB14261E16087500ABB49D /* WhoDat */ = {
			isa = PBXNativeTarget;
			buildConfigurationList = 5BBB14441E16087500ABB49D /* Build configuration list for PBXNativeTarget "WhoDat" */;
			buildPhases = (
				5BBB14231E16087500ABB49D /* Sources */,
				5BBB14241E16087500ABB49D /* Frameworks */,
				5BBB14251E16087500ABB49D /* Resources */,
				5BBB14501E16136600ABB49D /* CopyFiles */,
			);
			buildRules = (
			);
			dependencies = (
			);
			name = WhoDat;
			productName = WhoDat;
			productReference = 5BBB14271E16087500ABB49D /* WhoDat.app */;
			productType = "com.apple.product-type.application";
		};
		5BBB143A1E16087500ABB49D /* WhoDatTests */ = {
			isa = PBXNativeTarget;
			buildConfigurationList = 5BBB14471E16087500ABB49D /* Build configuration list for PBXNativeTarget "WhoDatTests" */;
			buildPhases = (
				5BBB14371E16087500ABB49D /* Sources */,
				5BBB14381E16087500ABB49D /* Frameworks */,
				5BBB14391E16087500ABB49D /* Resources */,
			);
			buildRules = (
			);
			dependencies = (
				5BBB143D1E16087500ABB49D /* PBXTargetDependency */,
			);
			name = WhoDatTests;
			productName = WhoDatTests;
			productReference = 5BBB143B1E16087500ABB49D /* WhoDatTests.xctest */;
			productType = "com.apple.product-type.bundle.unit-test";
		};
/* End PBXNativeTarget section */

/* Begin PBXProject section */
		5BBB141F1E16087500ABB49D /* Project object */ = {
			isa = PBXProject;
			attributes = {
				LastSwiftUpdateCheck = 0810;
				LastUpgradeCheck = 0810;
				ORGANIZATIONNAME = "Davy Li";
				TargetAttributes = {
					5BBB14261E16087500ABB49D = {
						CreatedOnToolsVersion = 8.1;
						ProvisioningStyle = Automatic;
					};
					5BBB143A1E16087500ABB49D = {
						CreatedOnToolsVersion = 8.1;
						ProvisioningStyle = Automatic;
						TestTargetID = 5BBB14261E16087500ABB49D;
					};
				};
			};
			buildConfigurationList = 5BBB14221E16087500ABB49D /* Build configuration list for PBXProject "WhoDat" */;
			compatibilityVersion = "Xcode 3.2";
			developmentRegion = English;
			hasScannedForEncodings = 0;
			knownRegions = (
				en,
				Base,
			);
			mainGroup = 5BBB141E1E16087500ABB49D;
			productRefGroup = 5BBB14281E16087500ABB49D /* Products */;
			projectDirPath = "";
			projectRoot = "";
			targets = (
				5BBB14261E16087500ABB49D /* WhoDat */,
				5BBB143A1E16087500ABB49D /* WhoDatTests */,
			);
		};
/* End PBXProject section */

/* Begin PBXResourcesBuildPhase section */
		5BBB14251E16087500ABB49D /* Resources */ = {
			isa = PBXResourcesBuildPhase;
			buildActionMask = 2147483647;
			files = (
				5B3A1D191E5B99F4002BA108 /* logo.jpg in Resources */,
				5B7B3E511E5A207200FD43D4 /* mockresponse.json in Resources */,
				5BBB14351E16087500ABB49D /* LaunchScreen.storyboard in Resources */,
				5BBB145E1E163AA700ABB49D /* secrets in Resources */,
				5B3A1D171E5B87A3002BA108 /* GameCell.xib in Resources */,
				5BBB14321E16087500ABB49D /* Assets.xcassets in Resources */,
				5BBB144B1E160F7F00ABB49D /* Cartfile in Resources */,
				5BBB14301E16087500ABB49D /* Main.storyboard in Resources */,
			);
			runOnlyForDeploymentPostprocessing = 0;
		};
		5BBB14391E16087500ABB49D /* Resources */ = {
			isa = PBXResourcesBuildPhase;
			buildActionMask = 2147483647;
			files = (
			);
			runOnlyForDeploymentPostprocessing = 0;
		};
/* End PBXResourcesBuildPhase section */

/* Begin PBXSourcesBuildPhase section */
		5BBB14231E16087500ABB49D /* Sources */ = {
			isa = PBXSourcesBuildPhase;
			buildActionMask = 2147483647;
			files = (
				5B7B3E4F1E5A1D9300FD43D4 /* MockNetworkController.swift in Sources */,
				5BBB14581E16225A00ABB49D /* Team.swift in Sources */,
				5B3A1D151E5B84A3002BA108 /* GameCellViewModel.swift in Sources */,
				5BBB142D1E16087500ABB49D /* GameTableViewController.swift in Sources */,
				5BBB145C1E163A3F00ABB49D /* NetworkController.swift in Sources */,
				5BBB14561E16224100ABB49D /* Game.swift in Sources */,
				5B7B3E4D1E5A1A0B00FD43D4 /* NetworkProtocol.swift in Sources */,
				5BBB145A1E16226500ABB49D /* Player.swift in Sources */,
				5BBB142B1E16087500ABB49D /* AppDelegate.swift in Sources */,
				5BF36FC31E2B5D7500F41FAB /* GameCell.swift in Sources */,
			);
			runOnlyForDeploymentPostprocessing = 0;
		};
		5BBB14371E16087500ABB49D /* Sources */ = {
			isa = PBXSourcesBuildPhase;
			buildActionMask = 2147483647;
			files = (
				5BBB14401E16087500ABB49D /* WhoDatTests.swift in Sources */,
			);
			runOnlyForDeploymentPostprocessing = 0;
		};
/* End PBXSourcesBuildPhase section */

/* Begin PBXTargetDependency section */
		5BBB143D1E16087500ABB49D /* PBXTargetDependency */ = {
			isa = PBXTargetDependency;
			target = 5BBB14261E16087500ABB49D /* WhoDat */;
			targetProxy = 5BBB143C1E16087500ABB49D /* PBXContainerItemProxy */;
		};
/* End PBXTargetDependency section */

/* Begin PBXVariantGroup section */
		5BBB142E1E16087500ABB49D /* Main.storyboard */ = {
			isa = PBXVariantGroup;
			children = (
				5BBB142F1E16087500ABB49D /* Base */,
			);
			name = Main.storyboard;
			sourceTree = "<group>";
		};
		5BBB14331E16087500ABB49D /* LaunchScreen.storyboard */ = {
			isa = PBXVariantGroup;
			children = (
				5BBB14341E16087500ABB49D /* Base */,
			);
			name = LaunchScreen.storyboard;
			sourceTree = "<group>";
		};
/* End PBXVariantGroup section */

/* Begin XCBuildConfiguration section */
		5BBB14421E16087500ABB49D /* Debug */ = {
			isa = XCBuildConfiguration;
			buildSettings = {
				ALWAYS_SEARCH_USER_PATHS = NO;
				CLANG_ANALYZER_NONNULL = YES;
				CLANG_CXX_LANGUAGE_STANDARD = "gnu++0x";
				CLANG_CXX_LIBRARY = "libc++";
				CLANG_ENABLE_MODULES = YES;
				CLANG_ENABLE_OBJC_ARC = YES;
				CLANG_WARN_BOOL_CONVERSION = YES;
				CLANG_WARN_CONSTANT_CONVERSION = YES;
				CLANG_WARN_DIRECT_OBJC_ISA_USAGE = YES_ERROR;
				CLANG_WARN_DOCUMENTATION_COMMENTS = YES;
				CLANG_WARN_EMPTY_BODY = YES;
				CLANG_WARN_ENUM_CONVERSION = YES;
				CLANG_WARN_INFINITE_RECURSION = YES;
				CLANG_WARN_INT_CONVERSION = YES;
				CLANG_WARN_OBJC_ROOT_CLASS = YES_ERROR;
				CLANG_WARN_SUSPICIOUS_MOVES = YES;
				CLANG_WARN_UNREACHABLE_CODE = YES;
				CLANG_WARN__DUPLICATE_METHOD_MATCH = YES;
				"CODE_SIGN_IDENTITY[sdk=iphoneos*]" = "iPhone Developer";
				COPY_PHASE_STRIP = NO;
				DEBUG_INFORMATION_FORMAT = dwarf;
				ENABLE_STRICT_OBJC_MSGSEND = YES;
				ENABLE_TESTABILITY = YES;
				GCC_C_LANGUAGE_STANDARD = gnu99;
				GCC_DYNAMIC_NO_PIC = NO;
				GCC_NO_COMMON_BLOCKS = YES;
				GCC_OPTIMIZATION_LEVEL = 0;
				GCC_PREPROCESSOR_DEFINITIONS = (
					"DEBUG=1",
					"$(inherited)",
				);
				GCC_WARN_64_TO_32_BIT_CONVERSION = YES;
				GCC_WARN_ABOUT_RETURN_TYPE = YES_ERROR;
				GCC_WARN_UNDECLARED_SELECTOR = YES;
				GCC_WARN_UNINITIALIZED_AUTOS = YES_AGGRESSIVE;
				GCC_WARN_UNUSED_FUNCTION = YES;
				GCC_WARN_UNUSED_VARIABLE = YES;
				IPHONEOS_DEPLOYMENT_TARGET = 10.1;
				MTL_ENABLE_DEBUG_INFO = YES;
				ONLY_ACTIVE_ARCH = YES;
				SDKROOT = iphoneos;
				SWIFT_ACTIVE_COMPILATION_CONDITIONS = DEBUG;
				SWIFT_OPTIMIZATION_LEVEL = "-Onone";
			};
			name = Debug;
		};
		5BBB14431E16087500ABB49D /* Release */ = {
			isa = XCBuildConfiguration;
			buildSettings = {
				ALWAYS_SEARCH_USER_PATHS = NO;
				CLANG_ANALYZER_NONNULL = YES;
				CLANG_CXX_LANGUAGE_STANDARD = "gnu++0x";
				CLANG_CXX_LIBRARY = "libc++";
				CLANG_ENABLE_MODULES = YES;
				CLANG_ENABLE_OBJC_ARC = YES;
				CLANG_WARN_BOOL_CONVERSION = YES;
				CLANG_WARN_CONSTANT_CONVERSION = YES;
				CLANG_WARN_DIRECT_OBJC_ISA_USAGE = YES_ERROR;
				CLANG_WARN_DOCUMENTATION_COMMENTS = YES;
				CLANG_WARN_EMPTY_BODY = YES;
				CLANG_WARN_ENUM_CONVERSION = YES;
				CLANG_WARN_INFINITE_RECURSION = YES;
				CLANG_WARN_INT_CONVERSION = YES;
				CLANG_WARN_OBJC_ROOT_CLASS = YES_ERROR;
				CLANG_WARN_SUSPICIOUS_MOVES = YES;
				CLANG_WARN_UNREACHABLE_CODE = YES;
				CLANG_WARN__DUPLICATE_METHOD_MATCH = YES;
				"CODE_SIGN_IDENTITY[sdk=iphoneos*]" = "iPhone Developer";
				COPY_PHASE_STRIP = NO;
				DEBUG_INFORMATION_FORMAT = "dwarf-with-dsym";
				ENABLE_NS_ASSERTIONS = NO;
				ENABLE_STRICT_OBJC_MSGSEND = YES;
				GCC_C_LANGUAGE_STANDARD = gnu99;
				GCC_NO_COMMON_BLOCKS = YES;
				GCC_WARN_64_TO_32_BIT_CONVERSION = YES;
				GCC_WARN_ABOUT_RETURN_TYPE = YES_ERROR;
				GCC_WARN_UNDECLARED_SELECTOR = YES;
				GCC_WARN_UNINITIALIZED_AUTOS = YES_AGGRESSIVE;
				GCC_WARN_UNUSED_FUNCTION = YES;
				GCC_WARN_UNUSED_VARIABLE = YES;
				IPHONEOS_DEPLOYMENT_TARGET = 10.1;
				MTL_ENABLE_DEBUG_INFO = NO;
				SDKROOT = iphoneos;
				SWIFT_OPTIMIZATION_LEVEL = "-Owholemodule";
				VALIDATE_PRODUCT = YES;
			};
			name = Release;
		};
		5BBB14451E16087500ABB49D /* Debug */ = {
			isa = XCBuildConfiguration;
			buildSettings = {
				ASSETCATALOG_COMPILER_APPICON_NAME = AppIcon;
				FRAMEWORK_SEARCH_PATHS = (
					"$(inherited)",
					"$(PROJECT_DIR)/Carthage/Build/iOS",
				);
				INFOPLIST_FILE = WhoDat/Info.plist;
				IPHONEOS_DEPLOYMENT_TARGET = 9.3;
				LD_RUNPATH_SEARCH_PATHS = "$(inherited) @executable_path/Frameworks";
				PRODUCT_BUNDLE_IDENTIFIER = Davy.WhoDat;
				PRODUCT_NAME = "$(TARGET_NAME)";
				SWIFT_VERSION = 3.0.1;
			};
			name = Debug;
		};
		5BBB14461E16087500ABB49D /* Release */ = {
			isa = XCBuildConfiguration;
			buildSettings = {
				ASSETCATALOG_COMPILER_APPICON_NAME = AppIcon;
				FRAMEWORK_SEARCH_PATHS = (
					"$(inherited)",
					"$(PROJECT_DIR)/Carthage/Build/iOS",
				);
				INFOPLIST_FILE = WhoDat/Info.plist;
				IPHONEOS_DEPLOYMENT_TARGET = 9.3;
				LD_RUNPATH_SEARCH_PATHS = "$(inherited) @executable_path/Frameworks";
				PRODUCT_BUNDLE_IDENTIFIER = Davy.WhoDat;
				PRODUCT_NAME = "$(TARGET_NAME)";
				SWIFT_VERSION = 3.0.1;
			};
			name = Release;
		};
		5BBB14481E16087500ABB49D /* Debug */ = {
			isa = XCBuildConfiguration;
			buildSettings = {
				ALWAYS_EMBED_SWIFT_STANDARD_LIBRARIES = YES;
				BUNDLE_LOADER = "$(TEST_HOST)";
				INFOPLIST_FILE = WhoDatTests/Info.plist;
				LD_RUNPATH_SEARCH_PATHS = "$(inherited) @executable_path/Frameworks @loader_path/Frameworks";
				PRODUCT_BUNDLE_IDENTIFIER = Davy.WhoDatTests;
				PRODUCT_NAME = "$(TARGET_NAME)";
				SWIFT_VERSION = 3.0;
				TEST_HOST = "$(BUILT_PRODUCTS_DIR)/WhoDat.app/WhoDat";
			};
			name = Debug;
		};
		5BBB14491E16087500ABB49D /* Release */ = {
			isa = XCBuildConfiguration;
			buildSettings = {
				ALWAYS_EMBED_SWIFT_STANDARD_LIBRARIES = YES;
				BUNDLE_LOADER = "$(TEST_HOST)";
				INFOPLIST_FILE = WhoDatTests/Info.plist;
				LD_RUNPATH_SEARCH_PATHS = "$(inherited) @executable_path/Frameworks @loader_path/Frameworks";
				PRODUCT_BUNDLE_IDENTIFIER = Davy.WhoDatTests;
				PRODUCT_NAME = "$(TARGET_NAME)";
				SWIFT_VERSION = 3.0;
				TEST_HOST = "$(BUILT_PRODUCTS_DIR)/WhoDat.app/WhoDat";
			};
			name = Release;
		};
/* End XCBuildConfiguration section */

/* Begin XCConfigurationList section */
		5BBB14221E16087500ABB49D /* Build configuration list for PBXProject "WhoDat" */ = {
			isa = XCConfigurationList;
			buildConfigurations = (
				5BBB14421E16087500ABB49D /* Debug */,
				5BBB14431E16087500ABB49D /* Release */,
			);
			defaultConfigurationIsVisible = 0;
			defaultConfigurationName = Release;
		};
		5BBB14441E16087500ABB49D /* Build configuration list for PBXNativeTarget "WhoDat" */ = {
			isa = XCConfigurationList;
			buildConfigurations = (
				5BBB14451E16087500ABB49D /* Debug */,
				5BBB14461E16087500ABB49D /* Release */,
			);
			defaultConfigurationIsVisible = 0;
			defaultConfigurationName = Release;
		};
		5BBB14471E16087500ABB49D /* Build configuration list for PBXNativeTarget "WhoDatTests" */ = {
			isa = XCConfigurationList;
			buildConfigurations = (
				5BBB14481E16087500ABB49D /* Debug */,
				5BBB14491E16087500ABB49D /* Release */,
			);
			defaultConfigurationIsVisible = 0;
			defaultConfigurationName = Release;
		};
/* End XCConfigurationList section */
	};
	rootObject = 5BBB141F1E16087500ABB49D /* Project object */;
}
